
Microsoft Visual Studio Solution File, Format Version 12.00
# Visual Studio 2013
VisualStudioVersion = 12.0.21005.1
MinimumVisualStudioVersion = 10.0.40219.1
Project("{FAE04EC0-301F-11D3-BF4B-00C04F79EFBC}") = "DiWebService", "Sdrc.DevInfo\DiWebService\DiWebService.csproj", "{B4532BAE-9380-4C50-BACE-2A642F73370D}"
EndProject
Project("{E24C65DC-7377-472B-9ABA-BC803B73C61A}") = "DIWeb(1)", "http://localhost:1890", "{2D3A399F-226C-41A4-B471-82580196E662}"
	ProjectSection(WebsiteProperties) = preProject
		UseIISExpress = "true"
		TargetFrameworkMoniker = ".NETFramework,Version%3Dv4.0"
		ProjectReferences = "{cfe13ae7-9e5f-4226-9243-aa7e88662d37}|SvgToPng.dll;"
		Debug.AspNetCompiler.VirtualPath = "/localhost_1890"
		Debug.AspNetCompiler.PhysicalPath = "Sdrc.DevInfo\DIWeb\"
		Debug.AspNetCompiler.TargetPath = "PrecompiledWeb\localhost_1890\"
		Debug.AspNetCompiler.Updateable = "true"
		Debug.AspNetCompiler.ForceOverwrite = "true"
		Debug.AspNetCompiler.FixedNames = "false"
		Debug.AspNetCompiler.Debug = "True"
		Release.AspNetCompiler.VirtualPath = "/localhost_1890"
		Release.AspNetCompiler.PhysicalPath = "Sdrc.DevInfo\DIWeb\"
		Release.AspNetCompiler.TargetPath = "PrecompiledWeb\localhost_1890\"
		Release.AspNetCompiler.Updateable = "true"
		Release.AspNetCompiler.ForceOverwrite = "true"
		Release.AspNetCompiler.FixedNames = "false"
		Release.AspNetCompiler.Debug = "False"
		SlnRelativePath = "Sdrc.DevInfo\DIWeb\"
		StartServerOnDebug = "true"
	EndProjectSection
EndProject
Project("{2150E333-8FDC-42A3-9474-1A3956D46DE8}") = ".nuget", ".nuget", "{C0930F0C-61AF-45FB-81FC-DD6D81217055}"
	ProjectSection(SolutionItems) = preProject
		.nuget\NuGet.Config = .nuget\NuGet.Config
		.nuget\NuGet.exe = .nuget\NuGet.exe
		.nuget\NuGet.targets = .nuget\NuGet.targets
	EndProjectSection
EndProject
Project("{FAE04EC0-301F-11D3-BF4B-00C04F79EFBC}") = "DI7_LibDAL", "Sdrc.DevInfo\DI7_LibDAL\DI7_LibDAL.csproj", "{FC707D2F-2E19-4F14-A0F7-D615D12BBFD5}"
EndProject
Project("{FAE04EC0-301F-11D3-BF4B-00C04F79EFBC}") = "DI_LibDATA", "Sdrc.DevInfo\DI_LibData\DI_LibDATA.csproj", "{0547A9F6-11FA-4B54-8503-BE182351476C}"
EndProject
Project("{FAE04EC0-301F-11D3-BF4B-00C04F79EFBC}") = "DI_LibDataCapture", "Sdrc.DevInfo\DI_LibDataCapture\DI_LibDataCapture\DI_LibDataCapture.csproj", "{82C0DA55-7ABC-411C-8BC2-A625C164A194}"
EndProject
Project("{F184B08F-C81C-45F6-A57F-5ABD9991F28F}") = "DX Data Capture", "Sdrc.DevInfo\DI_LibDataCapture\DX Data Capture\DX Data Capture.vbproj", "{93AB1415-ACCE-4869-B17A-6EBE642A4999}"
EndProject
Project("{FAE04EC0-301F-11D3-BF4B-00C04F79EFBC}") = "DI_LibSDMX", "Sdrc.DevInfo\DI_LibSDMX\DI_LibSDMX.csproj", "{9AD4370C-A04B-420C-82DB-980EA5C0F176}"
EndProject
Project("{F184B08F-C81C-45F6-A57F-5ABD9991F28F}") = "DI5_INIFile", "Sdrc.DevInfo\DI5_INIFile\DI5_INIFile.vbproj", "{45C9BE2F-F00A-4725-AD9D-9F7050F8977E}"
EndProject
Project("{FAE04EC0-301F-11D3-BF4B-00C04F79EFBC}") = "SDMXApi_2_0", "Sdrc.DevInfo\SDMXApi_2_0\SDMXApi_2_0.csproj", "{60958753-0647-4BF2-84F5-9944D413B77C}"
EndProject
Project("{FAE04EC0-301F-11D3-BF4B-00C04F79EFBC}") = "SDMXApi_2_1", "Sdrc.DevInfo\SDMXApi_2_1\SDMXApi_2_1.csproj", "{61AA937A-492F-4C45-A55C-DD7D4859CB52}"
EndProject
Project("{F088123C-0E9E-452A-89E6-6BA2F21D5CAC}") = "ModelingProject1", "ModelingProject1\ModelingProject1.modelproj", "{0FAAA76A-430F-4607-9DDE-DDA648E108DA}"
EndProject
Project("{FAE04EC0-301F-11D3-BF4B-00C04F79EFBC}") = "SvgToPng", "Sdrc.DevInfo\SvgToPng\SvgToPng.csproj", "{CFE13AE7-9E5F-4226-9243-AA7E88662D37}"
EndProject
Global
	GlobalSection(SolutionConfigurationPlatforms) = preSolution
		Debug|Any CPU = Debug|Any CPU
		Debug|Mixed Platforms = Debug|Mixed Platforms
		Debug|x86 = Debug|x86
		Release|Any CPU = Release|Any CPU
		Release|Mixed Platforms = Release|Mixed Platforms
		Release|x86 = Release|x86
	EndGlobalSection
	GlobalSection(ProjectConfigurationPlatforms) = postSolution
		{B4532BAE-9380-4C50-BACE-2A642F73370D}.Debug|Any CPU.ActiveCfg = Debug|Any CPU
		{B4532BAE-9380-4C50-BACE-2A642F73370D}.Debug|Any CPU.Build.0 = Debug|Any CPU
		{B4532BAE-9380-4C50-BACE-2A642F73370D}.Debug|Mixed Platforms.ActiveCfg = Debug|Any CPU
		{B4532BAE-9380-4C50-BACE-2A642F73370D}.Debug|Mixed Platforms.Build.0 = Debug|Any CPU
		{B4532BAE-9380-4C50-BACE-2A642F73370D}.Debug|x86.ActiveCfg = Debug|Any CPU
		{B4532BAE-9380-4C50-BACE-2A642F73370D}.Release|Any CPU.ActiveCfg = Debug|Any CPU
		{B4532BAE-9380-4C50-BACE-2A642F73370D}.Release|Any CPU.Build.0 = Debug|Any CPU
		{B4532BAE-9380-4C50-BACE-2A642F73370D}.Release|Mixed Platforms.ActiveCfg = Release|Any CPU
		{B4532BAE-9380-4C50-BACE-2A642F73370D}.Release|Mixed Platforms.Build.0 = Release|Any CPU
		{B4532BAE-9380-4C50-BACE-2A642F73370D}.Release|x86.ActiveCfg = Release|Any CPU
		{2D3A399F-226C-41A4-B471-82580196E662}.Debug|Any CPU.ActiveCfg = Debug|Any CPU
		{2D3A399F-226C-41A4-B471-82580196E662}.Debug|Any CPU.Build.0 = Debug|Any CPU
		{2D3A399F-226C-41A4-B471-82580196E662}.Debug|Mixed Platforms.ActiveCfg = Debug|Any CPU
		{2D3A399F-226C-41A4-B471-82580196E662}.Debug|Mixed Platforms.Build.0 = Debug|Any CPU
		{2D3A399F-226C-41A4-B471-82580196E662}.Debug|x86.ActiveCfg = Debug|Any CPU
		{2D3A399F-226C-41A4-B471-82580196E662}.Release|Any CPU.ActiveCfg = Debug|Any CPU
		{2D3A399F-226C-41A4-B471-82580196E662}.Release|Any CPU.Build.0 = Debug|Any CPU
		{2D3A399F-226C-41A4-B471-82580196E662}.Release|Mixed Platforms.ActiveCfg = Debug|Any CPU
		{2D3A399F-226C-41A4-B471-82580196E662}.Release|Mixed Platforms.Build.0 = Debug|Any CPU
		{2D3A399F-226C-41A4-B471-82580196E662}.Release|x86.ActiveCfg = Debug|Any CPU
		{FC707D2F-2E19-4F14-A0F7-D615D12BBFD5}.Debug|Any CPU.ActiveCfg = Debug|Any CPU
		{FC707D2F-2E19-4F14-A0F7-D615D12BBFD5}.Debug|Any CPU.Build.0 = Debug|Any CPU
		{FC707D2F-2E19-4F14-A0F7-D615D12BBFD5}.Debug|Mixed Platforms.ActiveCfg = Debug|Any CPU
		{FC707D2F-2E19-4F14-A0F7-D615D12BBFD5}.Debug|Mixed Platforms.Build.0 = Debug|Any CPU
		{FC707D2F-2E19-4F14-A0F7-D615D12BBFD5}.Debug|x86.ActiveCfg = Debug|Any CPU
		{FC707D2F-2E19-4F14-A0F7-D615D12BBFD5}.Release|Any CPU.ActiveCfg = Release|Any CPU
		{FC707D2F-2E19-4F14-A0F7-D615D12BBFD5}.Release|Any CPU.Build.0 = Release|Any CPU
		{FC707D2F-2E19-4F14-A0F7-D615D12BBFD5}.Release|Mixed Platforms.ActiveCfg = Release|Any CPU
		{FC707D2F-2E19-4F14-A0F7-D615D12BBFD5}.Release|Mixed Platforms.Build.0 = Release|Any CPU
		{FC707D2F-2E19-4F14-A0F7-D615D12BBFD5}.Release|x86.ActiveCfg = Release|Any CPU
		{0547A9F6-11FA-4B54-8503-BE182351476C}.Debug|Any CPU.ActiveCfg = Debug|Any CPU
		{0547A9F6-11FA-4B54-8503-BE182351476C}.Debug|Any CPU.Build.0 = Debug|Any CPU
		{0547A9F6-11FA-4B54-8503-BE182351476C}.Debug|Mixed Platforms.ActiveCfg = Debug|Any CPU
		{0547A9F6-11FA-4B54-8503-BE182351476C}.Debug|Mixed Platforms.Build.0 = Debug|Any CPU
		{0547A9F6-11FA-4B54-8503-BE182351476C}.Debug|x86.ActiveCfg = Debug|Any CPU
		{0547A9F6-11FA-4B54-8503-BE182351476C}.Release|Any CPU.ActiveCfg = Debug|Any CPU
		{0547A9F6-11FA-4B54-8503-BE182351476C}.Release|Any CPU.Build.0 = Debug|Any CPU
		{0547A9F6-11FA-4B54-8503-BE182351476C}.Release|Mixed Platforms.ActiveCfg = Release|Any CPU
		{0547A9F6-11FA-4B54-8503-BE182351476C}.Release|Mixed Platforms.Build.0 = Release|Any CPU
		{0547A9F6-11FA-4B54-8503-BE182351476C}.Release|x86.ActiveCfg = Release|Any CPU
		{82C0DA55-7ABC-411C-8BC2-A625C164A194}.Debug|Any CPU.ActiveCfg = Debug|Any CPU
		{82C0DA55-7ABC-411C-8BC2-A625C164A194}.Debug|Any CPU.Build.0 = Debug|Any CPU
		{82C0DA55-7ABC-411C-8BC2-A625C164A194}.Debug|Mixed Platforms.ActiveCfg = Debug|Any CPU
		{82C0DA55-7ABC-411C-8BC2-A625C164A194}.Debug|Mixed Platforms.Build.0 = Debug|Any CPU
		{82C0DA55-7ABC-411C-8BC2-A625C164A194}.Debug|x86.ActiveCfg = Debug|Any CPU
		{82C0DA55-7ABC-411C-8BC2-A625C164A194}.Release|Any CPU.ActiveCfg = Release|Any CPU
		{82C0DA55-7ABC-411C-8BC2-A625C164A194}.Release|Any CPU.Build.0 = Release|Any CPU
		{82C0DA55-7ABC-411C-8BC2-A625C164A194}.Release|Mixed Platforms.ActiveCfg = Release|Any CPU
		{82C0DA55-7ABC-411C-8BC2-A625C164A194}.Release|Mixed Platforms.Build.0 = Release|Any CPU
		{82C0DA55-7ABC-411C-8BC2-A625C164A194}.Release|x86.ActiveCfg = Release|Any CPU
		{93AB1415-ACCE-4869-B17A-6EBE642A4999}.Debug|Any CPU.ActiveCfg = Debug|Any CPU
		{93AB1415-ACCE-4869-B17A-6EBE642A4999}.Debug|Any CPU.Build.0 = Debug|Any CPU
		{93AB1415-ACCE-4869-B17A-6EBE642A4999}.Debug|Mixed Platforms.ActiveCfg = Debug|Any CPU
		{93AB1415-ACCE-4869-B17A-6EBE642A4999}.Debug|Mixed Platforms.Build.0 = Debug|Any CPU
		{93AB1415-ACCE-4869-B17A-6EBE642A4999}.Debug|x86.ActiveCfg = Debug|Any CPU
		{93AB1415-ACCE-4869-B17A-6EBE642A4999}.Release|Any CPU.ActiveCfg = Release|Any CPU
		{93AB1415-ACCE-4869-B17A-6EBE642A4999}.Release|Any CPU.Build.0 = Release|Any CPU
		{93AB1415-ACCE-4869-B17A-6EBE642A4999}.Release|Mixed Platforms.ActiveCfg = Release|Any CPU
		{93AB1415-ACCE-4869-B17A-6EBE642A4999}.Release|Mixed Platforms.Build.0 = Release|Any CPU
		{93AB1415-ACCE-4869-B17A-6EBE642A4999}.Release|x86.ActiveCfg = Release|Any CPU
		{9AD4370C-A04B-420C-82DB-980EA5C0F176}.Debug|Any CPU.ActiveCfg = Debug|Any CPU
		{9AD4370C-A04B-420C-82DB-980EA5C0F176}.Debug|Any CPU.Build.0 = Debug|Any CPU
		{9AD4370C-A04B-420C-82DB-980EA5C0F176}.Debug|Mixed Platforms.ActiveCfg = Debug|Any CPU
		{9AD4370C-A04B-420C-82DB-980EA5C0F176}.Debug|Mixed Platforms.Build.0 = Debug|Any CPU
		{9AD4370C-A04B-420C-82DB-980EA5C0F176}.Debug|x86.ActiveCfg = Debug|Any CPU
		{9AD4370C-A04B-420C-82DB-980EA5C0F176}.Release|Any CPU.ActiveCfg = Release|Any CPU
		{9AD4370C-A04B-420C-82DB-980EA5C0F176}.Release|Any CPU.Build.0 = Release|Any CPU
		{9AD4370C-A04B-420C-82DB-980EA5C0F176}.Release|Mixed Platforms.ActiveCfg = Release|Any CPU
		{9AD4370C-A04B-420C-82DB-980EA5C0F176}.Release|Mixed Platforms.Build.0 = Release|Any CPU
		{9AD4370C-A04B-420C-82DB-980EA5C0F176}.Release|x86.ActiveCfg = Release|Any CPU
		{45C9BE2F-F00A-4725-AD9D-9F7050F8977E}.Debug|Any CPU.ActiveCfg = Debug|Any CPU
		{45C9BE2F-F00A-4725-AD9D-9F7050F8977E}.Debug|Any CPU.Build.0 = Debug|Any CPU
		{45C9BE2F-F00A-4725-AD9D-9F7050F8977E}.Debug|Mixed Platforms.ActiveCfg = Debug|Any CPU
		{45C9BE2F-F00A-4725-AD9D-9F7050F8977E}.Debug|Mixed Platforms.Build.0 = Debug|Any CPU
		{45C9BE2F-F00A-4725-AD9D-9F7050F8977E}.Debug|x86.ActiveCfg = Debug|Any CPU
		{45C9BE2F-F00A-4725-AD9D-9F7050F8977E}.Release|Any CPU.ActiveCfg = Release|Any CPU
		{45C9BE2F-F00A-4725-AD9D-9F7050F8977E}.Release|Any CPU.Build.0 = Release|Any CPU
		{45C9BE2F-F00A-4725-AD9D-9F7050F8977E}.Release|Mixed Platforms.ActiveCfg = Release|Any CPU
		{45C9BE2F-F00A-4725-AD9D-9F7050F8977E}.Release|Mixed Platforms.Build.0 = Release|Any CPU
		{45C9BE2F-F00A-4725-AD9D-9F7050F8977E}.Release|x86.ActiveCfg = Release|Any CPU
		{60958753-0647-4BF2-84F5-9944D413B77C}.Debug|Any CPU.ActiveCfg = Debug|Any CPU
		{60958753-0647-4BF2-84F5-9944D413B77C}.Debug|Any CPU.Build.0 = Debug|Any CPU
		{60958753-0647-4BF2-84F5-9944D413B77C}.Debug|Mixed Platforms.ActiveCfg = Debug|Any CPU
		{60958753-0647-4BF2-84F5-9944D413B77C}.Debug|Mixed Platforms.Build.0 = Debug|Any CPU
		{60958753-0647-4BF2-84F5-9944D413B77C}.Debug|x86.ActiveCfg = Debug|Any CPU
		{60958753-0647-4BF2-84F5-9944D413B77C}.Release|Any CPU.ActiveCfg = Release|Any CPU
		{60958753-0647-4BF2-84F5-9944D413B77C}.Release|Any CPU.Build.0 = Release|Any CPU
		{60958753-0647-4BF2-84F5-9944D413B77C}.Release|Mixed Platforms.ActiveCfg = Release|Any CPU
		{60958753-0647-4BF2-84F5-9944D413B77C}.Release|Mixed Platforms.Build.0 = Release|Any CPU
		{60958753-0647-4BF2-84F5-9944D413B77C}.Release|x86.ActiveCfg = Release|Any CPU
		{61AA937A-492F-4C45-A55C-DD7D4859CB52}.Debug|Any CPU.ActiveCfg = Debug|Any CPU
		{61AA937A-492F-4C45-A55C-DD7D4859CB52}.Debug|Any CPU.Build.0 = Debug|Any CPU
		{61AA937A-492F-4C45-A55C-DD7D4859CB52}.Debug|Mixed Platforms.ActiveCfg = Debug|Any CPU
		{61AA937A-492F-4C45-A55C-DD7D4859CB52}.Debug|Mixed Platforms.Build.0 = Debug|Any CPU
		{61AA937A-492F-4C45-A55C-DD7D4859CB52}.Debug|x86.ActiveCfg = Debug|Any CPU
		{61AA937A-492F-4C45-A55C-DD7D4859CB52}.Release|Any CPU.ActiveCfg = Release|Any CPU
		{61AA937A-492F-4C45-A55C-DD7D4859CB52}.Release|Any CPU.Build.0 = Release|Any CPU
		{61AA937A-492F-4C45-A55C-DD7D4859CB52}.Release|Mixed Platforms.ActiveCfg = Release|Any CPU
		{61AA937A-492F-4C45-A55C-DD7D4859CB52}.Release|Mixed Platforms.Build.0 = Release|Any CPU
		{61AA937A-492F-4C45-A55C-DD7D4859CB52}.Release|x86.ActiveCfg = Release|Any CPU
		{0FAAA76A-430F-4607-9DDE-DDA648E108DA}.Debug|Any CPU.ActiveCfg = Debug|Any CPU
		{0FAAA76A-430F-4607-9DDE-DDA648E108DA}.Debug|Any CPU.Build.0 = Debug|Any CPU
		{0FAAA76A-430F-4607-9DDE-DDA648E108DA}.Debug|Mixed Platforms.ActiveCfg = Debug|Any CPU
		{0FAAA76A-430F-4607-9DDE-DDA648E108DA}.Debug|Mixed Platforms.Build.0 = Debug|Any CPU
		{0FAAA76A-430F-4607-9DDE-DDA648E108DA}.Debug|x86.ActiveCfg = Debug|Any CPU
		{0FAAA76A-430F-4607-9DDE-DDA648E108DA}.Release|Any CPU.ActiveCfg = Release|Any CPU
		{0FAAA76A-430F-4607-9DDE-DDA648E108DA}.Release|Any CPU.Build.0 = Release|Any CPU
		{0FAAA76A-430F-4607-9DDE-DDA648E108DA}.Release|Mixed Platforms.ActiveCfg = Release|Any CPU
		{0FAAA76A-430F-4607-9DDE-DDA648E108DA}.Release|Mixed Platforms.Build.0 = Release|Any CPU
		{0FAAA76A-430F-4607-9DDE-DDA648E108DA}.Release|x86.ActiveCfg = Release|Any CPU
		{CFE13AE7-9E5F-4226-9243-AA7E88662D37}.Debug|Any CPU.ActiveCfg = Debug|Any CPU
		{CFE13AE7-9E5F-4226-9243-AA7E88662D37}.Debug|Any CPU.Build.0 = Debug|Any CPU
		{CFE13AE7-9E5F-4226-9243-AA7E88662D37}.Debug|Mixed Platforms.ActiveCfg = Debug|Any CPU
		{CFE13AE7-9E5F-4226-9243-AA7E88662D37}.Debug|Mixed Platforms.Build.0 = Debug|Any CPU
		{CFE13AE7-9E5F-4226-9243-AA7E88662D37}.Debug|x86.ActiveCfg = Debug|Any CPU
		{CFE13AE7-9E5F-4226-9243-AA7E88662D37}.Release|Any CPU.ActiveCfg = Release|Any CPU
		{CFE13AE7-9E5F-4226-9243-AA7E88662D37}.Release|Any CPU.Build.0 = Release|Any CPU
		{CFE13AE7-9E5F-4226-9243-AA7E88662D37}.Release|Mixed Platforms.ActiveCfg = Release|Any CPU
		{CFE13AE7-9E5F-4226-9243-AA7E88662D37}.Release|Mixed Platforms.Build.0 = Release|Any CPU
		{CFE13AE7-9E5F-4226-9243-AA7E88662D37}.Release|x86.ActiveCfg = Release|Any CPU
	EndGlobalSection
	GlobalSection(SolutionProperties) = preSolution
		HideSolutionNode = FALSE
	EndGlobalSection
EndGlobal
